{
  "lockfileVersion": 1,
  "configVersion": 1,
  "workspaces": {
    "": {
      "name": "connectors",
      "dependencies": {
        "@composio/core": "^0.16.0",
        "hono": "^4.13.1",
        "postgres": "^3.4.9",
        "zod": "^4.4.3",
      },
      "devDependencies": {
        "@types/bun": "^1.3.14",
        "typescript": "^5.9.3",
      },
    },
  },
  "packages": {
    "@composio/client": ["@composio/client@0.1.0-alpha.76", "", {}, "sha512-MXC5JGRVdiQ4EgLricy9o/mqBa1+1T7wHFZ6Q4ZJkrjzZqOMvxTgy21Zlb5J/1oGkB2bg9UDzpH8PkXCp/D4zA=="],

    "@composio/core": ["@composio/core@0.16.0", "", { "dependencies": { "@composio/client": "0.1.0-alpha.76", "@composio/json-schema-to-zod": "0.3.0", "@types/json-schema": "^7.0.15", "is-fs-case-sensitive": "^2.0.0", "openai": "^7.2.0", "picocolors": "^1.1.1", "pusher-js": "^8.6.0", "semver": "^7.8.5", "zod-to-json-schema": "^3.25.2" }, "peerDependencies": { "zod": ">=3.25.76 <5" } }, "sha512-m4LEjOaH4LdhP3rz3NyNXZwh3AI915morLV1vrjscW2ACGqL+fTHACiuem0sz45tPoW5DkPYP8k/Z5D4Zk3KLA=="],

    "@composio/json-schema-to-zod": ["@composio/json-schema-to-zod@0.3.0", "", { "peerDependencies": { "zod": ">=3.25.76 <5" } }, "sha512-Lgz5QlclPsd9mo8FGn/12h3cwTpN6A9aYvucO1umjnuvyetb6nC//nHEu9TDU+BN5Sa0n+qmUUv4Tzd4wI4xeA=="],

    "@types/bun": ["@types/bun@1.3.14", "", { "dependencies": { "bun-types": "1.3.14" } }, "sha512-h1hFqFVcvAvD9j9K7ZW7vd82aSA+rTdznZa+5bwvCwqSB1jmmfLcbIWhOLx1/+boy/xmjgCs/OMUL8hRJSmnPw=="],

    "@types/json-schema": ["@types/json-schema@7.0.15", "", {}, "sha512-5+fP8P8MFNC+AyZCDxrB2pkZFPGzqQWUzpSeuuVLvm8VMcorNYavBqoFcxK8bQz4Qsbn4oUEEem4wDLfcysGHA=="],

    "@types/node": ["@types/node@26.2.0", "", { "dependencies": { "undici-types": "~8.3.0" } }, "sha512-5IviulTZeRNp2vAJ514cc/HUlY5nZ9fCbq9DMyC52BrhFZACo3nI0R7qBxhQmo/d27NFe96ur/b7Wwxklda+kg=="],

    "bun-types": ["bun-types@1.3.14", "", { "dependencies": { "@types/node": "*" } }, "sha512-4N0ig0fEomHt5R0KCFWjovxow98rIoRwKolrYdCcknNwMekCXRnWEUvgu5soYV8QXtVsrUD8B95MBOZGPvr6KQ=="],

    "hono": ["hono@4.13.1", "", {}, "sha512-kdJoFVv2xmayw6cY09H7AbMJMt8Jn5jdlEdXsP7AGBdF2DIptVlKlOLKXP41yPip4/a3yQPv9gVcJYI8YY04dw=="],

    "is-fs-case-sensitive": ["is-fs-case-sensitive@2.0.0", "", {}, "sha512-JoCsyGITdYPM+pUbeMQ4IiEuQ4wjPdeWORlG7n644isewbcxiQIr+9gmF5k7UabTP/jLBRkbgydEamR7JZBKHA=="],

    "openai": ["openai@7.4.0", "", { "peerDependencies": { "@aws-sdk/credential-provider-node": ">=3.972.0 <4", "@smithy/hash-node": ">=4.3.0 <5", "@smithy/signature-v4": ">=5.4.0 <6", "ws": "^8.18.0", "zod": "^3.25 || ^4.0" }, "optionalPeers": ["@aws-sdk/credential-provider-node", "@smithy/hash-node", "@smithy/signature-v4", "ws", "zod"] }, "sha512-+C9Muit5x8j9R8ej8ZzVgKcrVDtqFqTy9gxFdov0EItLgU68zrJtF9ZeT0cyqJQW9S3PCJkdFgADtRGquRBtew=="],

    "picocolors": ["picocolors@1.1.1", "", {}, "sha512-xceH2snhtb5M9liqDsmEw56le376mTZkEX/jEb/RxNFyegNul7eNslCXP9FDj/Lcu0X8KEyMceP2ntpaHrDEVA=="],

    "postgres": ["postgres@3.4.9", "", {}, "sha512-GD3qdB0x1z9xgFI6cdRD6xu2Sp2WCOEoe3mtnyB5Ee0XrrL5Pe+e4CCnJrRMnL1zYtRDZmQQVbvOttLnKDLnaw=="],

    "pusher-js": ["pusher-js@8.6.0", "", { "dependencies": { "tweetnacl": "^1.0.3" } }, "sha512-wShJPfCS/kYkCBVzVW67wa9cnQIgHTszEK2XHNrFkOgGruuGw081aERAxfRjfdFU+WcIt8x6dvbwkTW4iZuQ8Q=="],

    "semver": ["semver@7.8.5", "", { "bin": { "semver": "bin/semver.js" } }, "sha512-Y7/KDsb8LjooZpwaqGyulO6DQlksgCncchHGk+sZIY4SBvUocMBEFH5Ur1fI4dV+Jvl0w6cjvucaIi40puRioA=="],

    "tweetnacl": ["tweetnacl@1.0.3", "", {}, "sha512-6rt+RN7aOi1nGMyC4Xa5DdYiukl2UWCbcJft7YhxReBGQD7OAM8Pbxw6YMo4r2diNEA8FEmu32YOn9rhaiE5yw=="],

    "typescript": ["typescript@5.9.3", "", { "bin": { "tsc": "bin/tsc", "tsserver": "bin/tsserver" } }, "sha512-jl1vZzPDinLr9eUt3J/t7V6FgNEw9QjvBPdysz9KfQDD41fQrC2Y4vKQdiaUpFT4bXlb1RHhLpp8wtm6M5TgSw=="],

    "undici-types": ["undici-types@8.3.0", "", {}, "sha512-j375ScV60dom+YkPFIfTLcOiPxkN/buHz5GobjLhixFuANaNs3C9l4GmrWqejgXWJ7BbJcFYpTEUkS1Ge8bpZQ=="],

    "zod": ["zod@4.4.3", "", {}, "sha512-ytENFjIJFl2UwYglde2jchW2Hwm4GJFLDiSXWdTrJQBIN9Fcyp7n4DhxJEiWNAJMV1/BqWfW/kkg71UDcHJyTQ=="],

    "zod-to-json-schema": ["zod-to-json-schema@3.25.2", "", { "peerDependencies": { "zod": "^3.25.28 || ^4" } }, "sha512-O/PgfnpT1xKSDeQYSCfRI5Gy3hPf91mKVDuYLUHZJMiDFptvP41MSnWofm8dnCm0256ZNfZIM7DSzuSMAFnjHA=="],
  }
}
